
Microsoft Visual Studio Solution File, Format Version 12.00
# Visual Studio 2013
VisualStudioVersion = 12.0.31101.0
MinimumVisualStudioVersion = 10.0.40219.1
Project("{8BC9CEB8-8B4A-11D0-8D11-00A0C91BC942}") = "Le162Find Peak Element", "Le162Find Peak Element\Le162Find Peak Element.vcxproj", "{64C767D2-DEBD-4941-A001-0A68D7B04FED}"
EndProject
Global
	GlobalSection(SolutionConfigurationPlatforms) = preSolution
		Debug|Win32 = Debug|Win32
		Release|Win32 = Release|Win32
	EndGlobalSection
	GlobalSection(ProjectConfigurationPlatforms) = postSolution
		{64C767D2-DEBD-4941-A001-0A68D7B04FED}.Debug|Win32.ActiveCfg = Debug|Win32
		{64C767D2-DEBD-4941-A001-0A68D7B04FED}.Debug|Win32.Build.0 = Debug|Win32
		{64C767D2-DEBD-4941-A001-0A68D7B04FED}.Release|Win32.ActiveCfg = Release|Win32
		{64C767D2-DEBD-4941-A001-0A68D7B04FED}.Release|Win32.Build.0 = Release|Win32
	EndGlobalSection
	GlobalSection(SolutionProperties) = preSolution
		HideSolutionNode = FALSE
	EndGlobalSection
EndGlobal
