
Microsoft Visual Studio Solution File, Format Version 12.00
# Visual Studio 2013
VisualStudioVersion = 12.0.31101.0
MinimumVisualStudioVersion = 10.0.40219.1
Project("{8BC9CEB8-8B4A-11D0-8D11-00A0C91BC942}") = "Le50Pow(x,n)", "Le50Pow(x,n)\Le50Pow(x,n).vcxproj", "{6F7DACB4-2C16-4D49-86C7-1F19740EE3E9}"
EndProject
Global
	GlobalSection(SolutionConfigurationPlatforms) = preSolution
		Debug|Win32 = Debug|Win32
		Release|Win32 = Release|Win32
	EndGlobalSection
	GlobalSection(ProjectConfigurationPlatforms) = postSolution
		{6F7DACB4-2C16-4D49-86C7-1F19740EE3E9}.Debug|Win32.ActiveCfg = Debug|Win32
		{6F7DACB4-2C16-4D49-86C7-1F19740EE3E9}.Debug|Win32.Build.0 = Debug|Win32
		{6F7DACB4-2C16-4D49-86C7-1F19740EE3E9}.Release|Win32.ActiveCfg = Release|Win32
		{6F7DACB4-2C16-4D49-86C7-1F19740EE3E9}.Release|Win32.Build.0 = Release|Win32
	EndGlobalSection
	GlobalSection(SolutionProperties) = preSolution
		HideSolutionNode = FALSE
	EndGlobalSection
EndGlobal
