
Microsoft Visual Studio Solution File, Format Version 12.00
# Visual Studio 2013
VisualStudioVersion = 12.0.31101.0
MinimumVisualStudioVersion = 10.0.40219.1
Project("{8BC9CEB8-8B4A-11D0-8D11-00A0C91BC942}") = "Le263 Ugly Number", "Le263 Ugly Number\Le263 Ugly Number.vcxproj", "{D9D09B69-EB6C-4576-AE76-45A65FB65CC2}"
EndProject
Global
	GlobalSection(SolutionConfigurationPlatforms) = preSolution
		Debug|Win32 = Debug|Win32
		Release|Win32 = Release|Win32
	EndGlobalSection
	GlobalSection(ProjectConfigurationPlatforms) = postSolution
		{D9D09B69-EB6C-4576-AE76-45A65FB65CC2}.Debug|Win32.ActiveCfg = Debug|Win32
		{D9D09B69-EB6C-4576-AE76-45A65FB65CC2}.Debug|Win32.Build.0 = Debug|Win32
		{D9D09B69-EB6C-4576-AE76-45A65FB65CC2}.Release|Win32.ActiveCfg = Release|Win32
		{D9D09B69-EB6C-4576-AE76-45A65FB65CC2}.Release|Win32.Build.0 = Release|Win32
	EndGlobalSection
	GlobalSection(SolutionProperties) = preSolution
		HideSolutionNode = FALSE
	EndGlobalSection
EndGlobal
