
Microsoft Visual Studio Solution File, Format Version 12.00
# Visual Studio 2013
VisualStudioVersion = 12.0.31101.0
MinimumVisualStudioVersion = 10.0.40219.1
Project("{8BC9CEB8-8B4A-11D0-8D11-00A0C91BC942}") = "Le350Intersection of Two Arrays II", "Le350Intersection of Two Arrays II\Le350Intersection of Two Arrays II.vcxproj", "{07E74724-59EC-48BC-BE89-851E8D3F66F0}"
EndProject
Global
	GlobalSection(SolutionConfigurationPlatforms) = preSolution
		Debug|Win32 = Debug|Win32
		Release|Win32 = Release|Win32
	EndGlobalSection
	GlobalSection(ProjectConfigurationPlatforms) = postSolution
		{07E74724-59EC-48BC-BE89-851E8D3F66F0}.Debug|Win32.ActiveCfg = Debug|Win32
		{07E74724-59EC-48BC-BE89-851E8D3F66F0}.Debug|Win32.Build.0 = Debug|Win32
		{07E74724-59EC-48BC-BE89-851E8D3F66F0}.Release|Win32.ActiveCfg = Release|Win32
		{07E74724-59EC-48BC-BE89-851E8D3F66F0}.Release|Win32.Build.0 = Release|Win32
	EndGlobalSection
	GlobalSection(SolutionProperties) = preSolution
		HideSolutionNode = FALSE
	EndGlobalSection
EndGlobal
